// !$*UTF8*$!
{
	archiveVersion = 1;
	classes = {
	};
	objectVersion = 50;
	objects = {

/* Begin PBXBuildFile section */
		0BBFFE9F21FD6DB80087D8BE /* main.cpp in Sources */ = {isa = PBXBuildFile; fileRef = 0BBFFE9E21FD6DB80087D8BE /* main.cpp */; };
		0BBFFEA621FD740B0087D8BE /* dospo.cpp in Sources */ = {isa = PBXBuildFile; fileRef = 0BBFFEA521FD740B0087D8BE /* dospo.cpp */; };
		0BBFFEA921FD88710087D8BE /* nodo.cpp in Sources */ = {isa = PBXBuildFile; fileRef = 0BBFFEA721FD88710087D8BE /* nodo.cpp */; };
		0BBFFEAC21FD88850087D8BE /* lista.cpp in Sources */ = {isa = PBXBuildFile; fileRef = 0BBFFEAA21FD88850087D8BE /* lista.cpp */; };
/* End PBXBuildFile section */

/* Begin PBXCopyFilesBuildPhase section */
		0BBFFE9921FD6DB80087D8BE /* CopyFiles */ = {
			isa = PBXCopyFilesBuildPhase;
			buildActionMask = 2147483647;
			dstPath = /usr/share/man/man1/;
			dstSubfolderSpec = 0;
			files = (
			);
			runOnlyForDeploymentPostprocessing = 1;
		};
/* End PBXCopyFilesBuildPhase section */

/* Begin PBXFileReference section */
		0BBFFE9B21FD6DB80087D8BE /* Punteros */ = {isa = PBXFileReference; explicitFileType = "compiled.mach-o.executable"; includeInIndex = 0; path = Punteros; sourceTree = BUILT_PRODUCTS_DIR; };
		0BBFFE9E21FD6DB80087D8BE /* main.cpp */ = {isa = PBXFileReference; lastKnownFileType = sourcecode.cpp.cpp; path = main.cpp; sourceTree = "<group>"; };
		0BBFFEA521FD740B0087D8BE /* dospo.cpp */ = {isa = PBXFileReference; lastKnownFileType = sourcecode.cpp.cpp; path = dospo.cpp; sourceTree = SOURCE_ROOT; };
		0BBFFEA721FD88710087D8BE /* nodo.cpp */ = {isa = PBXFileReference; lastKnownFileType = sourcecode.cpp.cpp; path = nodo.cpp; sourceTree = "<group>"; };
		0BBFFEA821FD88710087D8BE /* nodo.h */ = {isa = PBXFileReference; lastKnownFileType = sourcecode.c.h; path = nodo.h; sourceTree = "<group>"; };
		0BBFFEAA21FD88850087D8BE /* lista.cpp */ = {isa = PBXFileReference; lastKnownFileType = sourcecode.cpp.cpp; path = lista.cpp; sourceTree = "<group>"; };
		0BBFFEAB21FD88850087D8BE /* lista.h */ = {isa = PBXFileReference; lastKnownFileType = sourcecode.c.h; path = lista.h; sourceTree = "<group>"; };
/* End PBXFileReference section */

/* Begin PBXFrameworksBuildPhase section */
		0BBFFE9821FD6DB80087D8BE /* Frameworks */ = {
			isa = PBXFrameworksBuildPhase;
			buildActionMask = 2147483647;
			files = (
			);
			runOnlyForDeploymentPostprocessing = 0;
		};
/* End PBXFrameworksBuildPhase section */

/* Begin PBXGroup section */
		0BBFFE9221FD6DB80087D8BE = {
			isa = PBXGroup;
			children = (
				0BBFFE9D21FD6DB80087D8BE /* Punteros */,
				0BBFFE9C21FD6DB80087D8BE /* Products */,
			);
			sourceTree = "<group>";
		};
		0BBFFE9C21FD6DB80087D8BE /* Products */ = {
			isa = PBXGroup;
			children = (
				0BBFFE9B21FD6DB80087D8BE /* Punteros */,
			);
			name = Products;
			sourceTree = "<group>";
		};
		0BBFFE9D21FD6DB80087D8BE /* Punteros */ = {
			isa = PBXGroup;
			children = (
				0BBFFEAA21FD88850087D8BE /* lista.cpp */,
				0BBFFEAB21FD88850087D8BE /* lista.h */,
				0BBFFE9E21FD6DB80087D8BE /* main.cpp */,
				0BBFFEA521FD740B0087D8BE /* dospo.cpp */,
				0BBFFEA721FD88710087D8BE /* nodo.cpp */,
				0BBFFEA821FD88710087D8BE /* nodo.h */,
			);
			path = Punteros;
			sourceTree = "<group>";
		};
/* End PBXGroup section */

/* Begin PBXNativeTarget section */
		0BBFFE9A21FD6DB80087D8BE /* Punteros */ = {
			isa = PBXNativeTarget;
			buildConfigurationList = 0BBFFEA221FD6DB80087D8BE /* Build configuration list for PBXNativeTarget "Punteros" */;
			buildPhases = (
				0BBFFE9721FD6DB80087D8BE /* Sources */,
				0BBFFE9821FD6DB80087D8BE /* Frameworks */,
				0BBFFE9921FD6DB80087D8BE /* CopyFiles */,
			);
			buildRules = (
			);
			dependencies = (
			);
			name = Punteros;
			productName = Punteros;
			productReference = 0BBFFE9B21FD6DB80087D8BE /* Punteros */;
			productType = "com.apple.product-type.tool";
		};
/* End PBXNativeTarget section */

/* Begin PBXProject section */
		0BBFFE9321FD6DB80087D8BE /* Project object */ = {
			isa = PBXProject;
			attributes = {
				LastUpgradeCheck = 1010;
				ORGANIZATIONNAME = "Angel Torres";
				TargetAttributes = {
					0BBFFE9A21FD6DB80087D8BE = {
						CreatedOnToolsVersion = 10.1;
					};
				};
			};
			buildConfigurationList = 0BBFFE9621FD6DB80087D8BE /* Build configuration list for PBXProject "Punteros" */;
			compatibilityVersion = "Xcode 9.3";
			developmentRegion = en;
			hasScannedForEncodings = 0;
			knownRegions = (
				en,
			);
			mainGroup = 0BBFFE9221FD6DB80087D8BE;
			productRefGroup = 0BBFFE9C21FD6DB80087D8BE /* Products */;
			projectDirPath = "";
			projectRoot = "";
			targets = (
				0BBFFE9A21FD6DB80087D8BE /* Punteros */,
			);
		};
/* End PBXProject section */

/* Begin PBXSourcesBuildPhase section */
		0BBFFE9721FD6DB80087D8BE /* Sources */ = {
			isa = PBXSourcesBuildPhase;
			buildActionMask = 2147483647;
			files = (
				0BBFFE9F21FD6DB80087D8BE /* main.cpp in Sources */,
				0BBFFEA621FD740B0087D8BE /* dospo.cpp in Sources */,
				0BBFFEA921FD88710087D8BE /* nodo.cpp in Sources */,
				0BBFFEAC21FD88850087D8BE /* lista.cpp in Sources */,
			);
			runOnlyForDeploymentPostprocessing = 0;
		};
/* End PBXSourcesBuildPhase section */

/* Begin XCBuildConfiguration section */
		0BBFFEA021FD6DB80087D8BE /* Debug */ = {
			isa = XCBuildConfiguration;
			buildSettings = {
				ALWAYS_SEARCH_USER_PATHS = NO;
				CLANG_ANALYZER_NONNULL = YES;
				CLANG_ANALYZER_NUMBER_OBJECT_CONVERSION = YES_AGGRESSIVE;
				CLANG_CXX_LANGUAGE_STANDARD = "gnu++14";
				CLANG_CXX_LIBRARY = "libc++";
				CLANG_ENABLE_MODULES = YES;
				CLANG_ENABLE_OBJC_ARC = YES;
				CLANG_ENABLE_OBJC_WEAK = YES;
				CLANG_WARN_BLOCK_CAPTURE_AUTORELEASING = YES;
				CLANG_WARN_BOOL_CONVERSION = YES;
				CLANG_WARN_COMMA = YES;
				CLANG_WARN_CONSTANT_CONVERSION = YES;
				CLANG_WARN_DEPRECATED_OBJC_IMPLEMENTATIONS = YES;
				CLANG_WARN_DIRECT_OBJC_ISA_USAGE = YES_ERROR;
				CLANG_WARN_DOCUMENTATION_COMMENTS = YES;
				CLANG_WARN_EMPTY_BODY = YES;
				CLANG_WARN_ENUM_CONVERSION = YES;
				CLANG_WARN_INFINITE_RECURSION = YES;
				CLANG_WARN_INT_CONVERSION = YES;
				CLANG_WARN_NON_LITERAL_NULL_CONVERSION = YES;
				CLANG_WARN_OBJC_IMPLICIT_RETAIN_SELF = YES;
				CLANG_WARN_OBJC_LITERAL_CONVERSION = YES;
				CLANG_WARN_OBJC_ROOT_CLASS = YES_ERROR;
				CLANG_WARN_RANGE_LOOP_ANALYSIS = YES;
				CLANG_WARN_STRICT_PROTOTYPES = YES;
				CLANG_WARN_SUSPICIOUS_MOVE = YES;
				CLANG_WARN_UNGUARDED_AVAILABILITY = YES_AGGRESSIVE;
				CLANG_WARN_UNREACHABLE_CODE = YES;
				CLANG_WARN__DUPLICATE_METHOD_MATCH = YES;
				CODE_SIGN_IDENTITY = "-";
				COPY_PHASE_STRIP = NO;
				DEBUG_INFORMATION_FORMAT = dwarf;
				ENABLE_STRICT_OBJC_MSGSEND = YES;
				ENABLE_TESTABILITY = YES;
				GCC_C_LANGUAGE_STANDARD = gnu11;
				GCC_DYNAMIC_NO_PIC = NO;
				GCC_NO_COMMON_BLOCKS = YES;
				GCC_OPTIMIZATION_LEVEL = 0;
				GCC_PREPROCESSOR_DEFINITIONS = (
					"DEBUG=1",
					"$(inherited)",
				);
				GCC_WARN_64_TO_32_BIT_CONVERSION = YES;
				GCC_WARN_ABOUT_RETURN_TYPE = YES_ERROR;
				GCC_WARN_UNDECLARED_SELECTOR = YES;
				GCC_WARN_UNINITIALIZED_AUTOS = YES_AGGRESSIVE;
				GCC_WARN_UNUSED_FUNCTION = YES;
				GCC_WARN_UNUSED_VARIABLE = YES;
				MACOSX_DEPLOYMENT_TARGET = 10.14;
				MTL_ENABLE_DEBUG_INFO = INCLUDE_SOURCE;
				MTL_FAST_MATH = YES;
				ONLY_ACTIVE_ARCH = YES;
				SDKROOT = macosx;
			};
			name = Debug;
		};
		0BBFFEA121FD6DB80087D8BE /* Release */ = {
			isa = XCBuildConfiguration;
			buildSettings = {
				ALWAYS_SEARCH_USER_PATHS = NO;
				CLANG_ANALYZER_NONNULL = YES;
				CLANG_ANALYZER_NUMBER_OBJECT_CONVERSION = YES_AGGRESSIVE;
				CLANG_CXX_LANGUAGE_STANDARD = "gnu++14";
				CLANG_CXX_LIBRARY = "libc++";
				CLANG_ENABLE_MODULES = YES;
				CLANG_ENABLE_OBJC_ARC = YES;
				CLANG_ENABLE_OBJC_WEAK = YES;
				CLANG_WARN_BLOCK_CAPTURE_AUTORELEASING = YES;
				CLANG_WARN_BOOL_CONVERSION = YES;
				CLANG_WARN_COMMA = YES;
				CLANG_WARN_CONSTANT_CONVERSION = YES;
				CLANG_WARN_DEPRECATED_OBJC_IMPLEMENTATIONS = YES;
				CLANG_WARN_DIRECT_OBJC_ISA_USAGE = YES_ERROR;
				CLANG_WARN_DOCUMENTATION_COMMENTS = YES;
				CLANG_WARN_EMPTY_BODY = YES;
				CLANG_WARN_ENUM_CONVERSION = YES;
				CLANG_WARN_INFINITE_RECURSION = YES;
				CLANG_WARN_INT_CONVERSION = YES;
				CLANG_WARN_NON_LITERAL_NULL_CONVERSION = YES;
				CLANG_WARN_OBJC_IMPLICIT_RETAIN_SELF = YES;
				CLANG_WARN_OBJC_LITERAL_CONVERSION = YES;
				CLANG_WARN_OBJC_ROOT_CLASS = YES_ERROR;
				CLANG_WARN_RANGE_LOOP_ANALYSIS = YES;
				CLANG_WARN_STRICT_PROTOTYPES = YES;
				CLANG_WARN_SUSPICIOUS_MOVE = YES;
				CLANG_WARN_UNGUARDED_AVAILABILITY = YES_AGGRESSIVE;
				CLANG_WARN_UNREACHABLE_CODE = YES;
				CLANG_WARN__DUPLICATE_METHOD_MATCH = YES;
				CODE_SIGN_IDENTITY = "-";
				COPY_PHASE_STRIP = NO;
				DEBUG_INFORMATION_FORMAT = "dwarf-with-dsym";
				ENABLE_NS_ASSERTIONS = NO;
				ENABLE_STRICT_OBJC_MSGSEND = YES;
				GCC_C_LANGUAGE_STANDARD = gnu11;
				GCC_NO_COMMON_BLOCKS = YES;
				GCC_WARN_64_TO_32_BIT_CONVERSION = YES;
				GCC_WARN_ABOUT_RETURN_TYPE = YES_ERROR;
				GCC_WARN_UNDECLARED_SELECTOR = YES;
				GCC_WARN_UNINITIALIZED_AUTOS = YES_AGGRESSIVE;
				GCC_WARN_UNUSED_FUNCTION = YES;
				GCC_WARN_UNUSED_VARIABLE = YES;
				MACOSX_DEPLOYMENT_TARGET = 10.14;
				MTL_ENABLE_DEBUG_INFO = NO;
				MTL_FAST_MATH = YES;
				SDKROOT = macosx;
			};
			name = Release;
		};
		0BBFFEA321FD6DB80087D8BE /* Debug */ = {
			isa = XCBuildConfiguration;
			buildSettings = {
				CODE_SIGN_STYLE = Automatic;
				PRODUCT_NAME = "$(TARGET_NAME)";
			};
			name = Debug;
		};
		0BBFFEA421FD6DB80087D8BE /* Release */ = {
			isa = XCBuildConfiguration;
			buildSettings = {
				CODE_SIGN_STYLE = Automatic;
				PRODUCT_NAME = "$(TARGET_NAME)";
			};
			name = Release;
		};
/* End XCBuildConfiguration section */

/* Begin XCConfigurationList section */
		0BBFFE9621FD6DB80087D8BE /* Build configuration list for PBXProject "Punteros" */ = {
			isa = XCConfigurationList;
			buildConfigurations = (
				0BBFFEA021FD6DB80087D8BE /* Debug */,
				0BBFFEA121FD6DB80087D8BE /* Release */,
			);
			defaultConfigurationIsVisible = 0;
			defaultConfigurationName = Release;
		};
		0BBFFEA221FD6DB80087D8BE /* Build configuration list for PBXNativeTarget "Punteros" */ = {
			isa = XCConfigurationList;
			buildConfigurations = (
				0BBFFEA321FD6DB80087D8BE /* Debug */,
				0BBFFEA421FD6DB80087D8BE /* Release */,
			);
			defaultConfigurationIsVisible = 0;
			defaultConfigurationName = Release;
		};
/* End XCConfigurationList section */
	};
	rootObject = 0BBFFE9321FD6DB80087D8BE /* Project object */;
}
