// !$*UTF8*$!
{
	archiveVersion = 1;
	classes = {
	};
	objectVersion = 50;
	objects = {

/* Begin PBXBuildFile section */
		0B69ED8621A0D94000E5205B /* Usuario.cpp in Sources */ = {isa = PBXBuildFile; fileRef = 0B69ED8521A0D94000E5205B /* Usuario.cpp */; };
		0B69ED8921A0DA5500E5205B /* Empleado.cpp in Sources */ = {isa = PBXBuildFile; fileRef = 0B69ED8821A0DA5500E5205B /* Empleado.cpp */; };
		0BFB552F219CE94F000BF597 /* main.cpp in Sources */ = {isa = PBXBuildFile; fileRef = 0BFB552E219CE94F000BF597 /* main.cpp */; };
		0BFB5536219CE9A9000BF597 /* Persona.cpp in Sources */ = {isa = PBXBuildFile; fileRef = 0BFB5535219CE9A9000BF597 /* Persona.cpp */; };
		0BFB5539219D1660000BF597 /* Hobbie.cpp in Sources */ = {isa = PBXBuildFile; fileRef = 0BFB5538219D1660000BF597 /* Hobbie.cpp */; };
/* End PBXBuildFile section */

/* Begin PBXCopyFilesBuildPhase section */
		0BFB5529219CE94E000BF597 /* CopyFiles */ = {
			isa = PBXCopyFilesBuildPhase;
			buildActionMask = 2147483647;
			dstPath = /usr/share/man/man1/;
			dstSubfolderSpec = 0;
			files = (
			);
			runOnlyForDeploymentPostprocessing = 1;
		};
/* End PBXCopyFilesBuildPhase section */

/* Begin PBXFileReference section */
		0B69ED8521A0D94000E5205B /* Usuario.cpp */ = {isa = PBXFileReference; lastKnownFileType = sourcecode.cpp.cpp; path = Usuario.cpp; sourceTree = "<group>"; };
		0B69ED8721A0D95900E5205B /* Usuario.h */ = {isa = PBXFileReference; lastKnownFileType = sourcecode.c.h; path = Usuario.h; sourceTree = "<group>"; };
		0B69ED8821A0DA5500E5205B /* Empleado.cpp */ = {isa = PBXFileReference; lastKnownFileType = sourcecode.cpp.cpp; path = Empleado.cpp; sourceTree = "<group>"; };
		0B69ED8A21A0DA6500E5205B /* Empleado.h */ = {isa = PBXFileReference; lastKnownFileType = sourcecode.c.h; path = Empleado.h; sourceTree = "<group>"; };
		0BFB552B219CE94F000BF597 /* Principal */ = {isa = PBXFileReference; explicitFileType = "compiled.mach-o.executable"; includeInIndex = 0; path = Principal; sourceTree = BUILT_PRODUCTS_DIR; };
		0BFB552E219CE94F000BF597 /* main.cpp */ = {isa = PBXFileReference; lastKnownFileType = sourcecode.cpp.cpp; path = main.cpp; sourceTree = "<group>"; };
		0BFB5535219CE9A9000BF597 /* Persona.cpp */ = {isa = PBXFileReference; lastKnownFileType = sourcecode.cpp.cpp; path = Persona.cpp; sourceTree = "<group>"; };
		0BFB5537219CE9BE000BF597 /* Persona.h */ = {isa = PBXFileReference; lastKnownFileType = sourcecode.c.h; path = Persona.h; sourceTree = "<group>"; };
		0BFB5538219D1660000BF597 /* Hobbie.cpp */ = {isa = PBXFileReference; lastKnownFileType = sourcecode.cpp.cpp; path = Hobbie.cpp; sourceTree = "<group>"; };
		0BFB553A219D1673000BF597 /* Hobbie.h */ = {isa = PBXFileReference; lastKnownFileType = sourcecode.c.h; path = Hobbie.h; sourceTree = "<group>"; };
/* End PBXFileReference section */

/* Begin PBXFrameworksBuildPhase section */
		0BFB5528219CE94E000BF597 /* Frameworks */ = {
			isa = PBXFrameworksBuildPhase;
			buildActionMask = 2147483647;
			files = (
			);
			runOnlyForDeploymentPostprocessing = 0;
		};
/* End PBXFrameworksBuildPhase section */

/* Begin PBXGroup section */
		0BFB5522219CE94E000BF597 = {
			isa = PBXGroup;
			children = (
				0BFB552D219CE94F000BF597 /* Principal */,
				0BFB552C219CE94F000BF597 /* Products */,
			);
			sourceTree = "<group>";
		};
		0BFB552C219CE94F000BF597 /* Products */ = {
			isa = PBXGroup;
			children = (
				0BFB552B219CE94F000BF597 /* Principal */,
			);
			name = Products;
			sourceTree = "<group>";
		};
		0BFB552D219CE94F000BF597 /* Principal */ = {
			isa = PBXGroup;
			children = (
				0BFB552E219CE94F000BF597 /* main.cpp */,
				0BFB5535219CE9A9000BF597 /* Persona.cpp */,
				0BFB5537219CE9BE000BF597 /* Persona.h */,
				0BFB5538219D1660000BF597 /* Hobbie.cpp */,
				0BFB553A219D1673000BF597 /* Hobbie.h */,
				0B69ED8521A0D94000E5205B /* Usuario.cpp */,
				0B69ED8721A0D95900E5205B /* Usuario.h */,
				0B69ED8821A0DA5500E5205B /* Empleado.cpp */,
				0B69ED8A21A0DA6500E5205B /* Empleado.h */,
			);
			path = Principal;
			sourceTree = "<group>";
		};
/* End PBXGroup section */

/* Begin PBXNativeTarget section */
		0BFB552A219CE94E000BF597 /* Principal */ = {
			isa = PBXNativeTarget;
			buildConfigurationList = 0BFB5532219CE94F000BF597 /* Build configuration list for PBXNativeTarget "Principal" */;
			buildPhases = (
				0BFB5527219CE94E000BF597 /* Sources */,
				0BFB5528219CE94E000BF597 /* Frameworks */,
				0BFB5529219CE94E000BF597 /* CopyFiles */,
			);
			buildRules = (
			);
			dependencies = (
			);
			name = Principal;
			productName = Principal;
			productReference = 0BFB552B219CE94F000BF597 /* Principal */;
			productType = "com.apple.product-type.tool";
		};
/* End PBXNativeTarget section */

/* Begin PBXProject section */
		0BFB5523219CE94E000BF597 /* Project object */ = {
			isa = PBXProject;
			attributes = {
				LastUpgradeCheck = 1010;
				ORGANIZATIONNAME = "Angel Torres";
				TargetAttributes = {
					0BFB552A219CE94E000BF597 = {
						CreatedOnToolsVersion = 10.1;
					};
				};
			};
			buildConfigurationList = 0BFB5526219CE94E000BF597 /* Build configuration list for PBXProject "Principal" */;
			compatibilityVersion = "Xcode 9.3";
			developmentRegion = en;
			hasScannedForEncodings = 0;
			knownRegions = (
				en,
			);
			mainGroup = 0BFB5522219CE94E000BF597;
			productRefGroup = 0BFB552C219CE94F000BF597 /* Products */;
			projectDirPath = "";
			projectRoot = "";
			targets = (
				0BFB552A219CE94E000BF597 /* Principal */,
			);
		};
/* End PBXProject section */

/* Begin PBXSourcesBuildPhase section */
		0BFB5527219CE94E000BF597 /* Sources */ = {
			isa = PBXSourcesBuildPhase;
			buildActionMask = 2147483647;
			files = (
				0B69ED8621A0D94000E5205B /* Usuario.cpp in Sources */,
				0BFB5539219D1660000BF597 /* Hobbie.cpp in Sources */,
				0B69ED8921A0DA5500E5205B /* Empleado.cpp in Sources */,
				0BFB5536219CE9A9000BF597 /* Persona.cpp in Sources */,
				0BFB552F219CE94F000BF597 /* main.cpp in Sources */,
			);
			runOnlyForDeploymentPostprocessing = 0;
		};
/* End PBXSourcesBuildPhase section */

/* Begin XCBuildConfiguration section */
		0BFB5530219CE94F000BF597 /* Debug */ = {
			isa = XCBuildConfiguration;
			buildSettings = {
				ALWAYS_SEARCH_USER_PATHS = NO;
				CLANG_ANALYZER_NONNULL = YES;
				CLANG_ANALYZER_NUMBER_OBJECT_CONVERSION = YES_AGGRESSIVE;
				CLANG_CXX_LANGUAGE_STANDARD = "gnu++14";
				CLANG_CXX_LIBRARY = "libc++";
				CLANG_ENABLE_MODULES = YES;
				CLANG_ENABLE_OBJC_ARC = YES;
				CLANG_ENABLE_OBJC_WEAK = YES;
				CLANG_WARN_BLOCK_CAPTURE_AUTORELEASING = YES;
				CLANG_WARN_BOOL_CONVERSION = YES;
				CLANG_WARN_COMMA = YES;
				CLANG_WARN_CONSTANT_CONVERSION = YES;
				CLANG_WARN_DEPRECATED_OBJC_IMPLEMENTATIONS = YES;
				CLANG_WARN_DIRECT_OBJC_ISA_USAGE = YES_ERROR;
				CLANG_WARN_DOCUMENTATION_COMMENTS = YES;
				CLANG_WARN_EMPTY_BODY = YES;
				CLANG_WARN_ENUM_CONVERSION = YES;
				CLANG_WARN_INFINITE_RECURSION = YES;
				CLANG_WARN_INT_CONVERSION = YES;
				CLANG_WARN_NON_LITERAL_NULL_CONVERSION = YES;
				CLANG_WARN_OBJC_IMPLICIT_RETAIN_SELF = YES;
				CLANG_WARN_OBJC_LITERAL_CONVERSION = YES;
				CLANG_WARN_OBJC_ROOT_CLASS = YES_ERROR;
				CLANG_WARN_RANGE_LOOP_ANALYSIS = YES;
				CLANG_WARN_STRICT_PROTOTYPES = YES;
				CLANG_WARN_SUSPICIOUS_MOVE = YES;
				CLANG_WARN_UNGUARDED_AVAILABILITY = YES_AGGRESSIVE;
				CLANG_WARN_UNREACHABLE_CODE = YES;
				CLANG_WARN__DUPLICATE_METHOD_MATCH = YES;
				CODE_SIGN_IDENTITY = "-";
				COPY_PHASE_STRIP = NO;
				DEBUG_INFORMATION_FORMAT = dwarf;
				ENABLE_STRICT_OBJC_MSGSEND = YES;
				ENABLE_TESTABILITY = YES;
				GCC_C_LANGUAGE_STANDARD = gnu11;
				GCC_DYNAMIC_NO_PIC = NO;
				GCC_NO_COMMON_BLOCKS = YES;
				GCC_OPTIMIZATION_LEVEL = 0;
				GCC_PREPROCESSOR_DEFINITIONS = (
					"DEBUG=1",
					"$(inherited)",
				);
				GCC_WARN_64_TO_32_BIT_CONVERSION = YES;
				GCC_WARN_ABOUT_RETURN_TYPE = YES_ERROR;
				GCC_WARN_UNDECLARED_SELECTOR = YES;
				GCC_WARN_UNINITIALIZED_AUTOS = YES_AGGRESSIVE;
				GCC_WARN_UNUSED_FUNCTION = YES;
				GCC_WARN_UNUSED_VARIABLE = YES;
				MACOSX_DEPLOYMENT_TARGET = 10.13;
				MTL_ENABLE_DEBUG_INFO = INCLUDE_SOURCE;
				MTL_FAST_MATH = YES;
				ONLY_ACTIVE_ARCH = YES;
				SDKROOT = macosx;
			};
			name = Debug;
		};
		0BFB5531219CE94F000BF597 /* Release */ = {
			isa = XCBuildConfiguration;
			buildSettings = {
				ALWAYS_SEARCH_USER_PATHS = NO;
				CLANG_ANALYZER_NONNULL = YES;
				CLANG_ANALYZER_NUMBER_OBJECT_CONVERSION = YES_AGGRESSIVE;
				CLANG_CXX_LANGUAGE_STANDARD = "gnu++14";
				CLANG_CXX_LIBRARY = "libc++";
				CLANG_ENABLE_MODULES = YES;
				CLANG_ENABLE_OBJC_ARC = YES;
				CLANG_ENABLE_OBJC_WEAK = YES;
				CLANG_WARN_BLOCK_CAPTURE_AUTORELEASING = YES;
				CLANG_WARN_BOOL_CONVERSION = YES;
				CLANG_WARN_COMMA = YES;
				CLANG_WARN_CONSTANT_CONVERSION = YES;
				CLANG_WARN_DEPRECATED_OBJC_IMPLEMENTATIONS = YES;
				CLANG_WARN_DIRECT_OBJC_ISA_USAGE = YES_ERROR;
				CLANG_WARN_DOCUMENTATION_COMMENTS = YES;
				CLANG_WARN_EMPTY_BODY = YES;
				CLANG_WARN_ENUM_CONVERSION = YES;
				CLANG_WARN_INFINITE_RECURSION = YES;
				CLANG_WARN_INT_CONVERSION = YES;
				CLANG_WARN_NON_LITERAL_NULL_CONVERSION = YES;
				CLANG_WARN_OBJC_IMPLICIT_RETAIN_SELF = YES;
				CLANG_WARN_OBJC_LITERAL_CONVERSION = YES;
				CLANG_WARN_OBJC_ROOT_CLASS = YES_ERROR;
				CLANG_WARN_RANGE_LOOP_ANALYSIS = YES;
				CLANG_WARN_STRICT_PROTOTYPES = YES;
				CLANG_WARN_SUSPICIOUS_MOVE = YES;
				CLANG_WARN_UNGUARDED_AVAILABILITY = YES_AGGRESSIVE;
				CLANG_WARN_UNREACHABLE_CODE = YES;
				CLANG_WARN__DUPLICATE_METHOD_MATCH = YES;
				CODE_SIGN_IDENTITY = "-";
				COPY_PHASE_STRIP = NO;
				DEBUG_INFORMATION_FORMAT = "dwarf-with-dsym";
				ENABLE_NS_ASSERTIONS = NO;
				ENABLE_STRICT_OBJC_MSGSEND = YES;
				GCC_C_LANGUAGE_STANDARD = gnu11;
				GCC_NO_COMMON_BLOCKS = YES;
				GCC_WARN_64_TO_32_BIT_CONVERSION = YES;
				GCC_WARN_ABOUT_RETURN_TYPE = YES_ERROR;
				GCC_WARN_UNDECLARED_SELECTOR = YES;
				GCC_WARN_UNINITIALIZED_AUTOS = YES_AGGRESSIVE;
				GCC_WARN_UNUSED_FUNCTION = YES;
				GCC_WARN_UNUSED_VARIABLE = YES;
				MACOSX_DEPLOYMENT_TARGET = 10.13;
				MTL_ENABLE_DEBUG_INFO = NO;
				MTL_FAST_MATH = YES;
				SDKROOT = macosx;
			};
			name = Release;
		};
		0BFB5533219CE94F000BF597 /* Debug */ = {
			isa = XCBuildConfiguration;
			buildSettings = {
				CODE_SIGN_STYLE = Automatic;
				PRODUCT_NAME = "$(TARGET_NAME)";
			};
			name = Debug;
		};
		0BFB5534219CE94F000BF597 /* Release */ = {
			isa = XCBuildConfiguration;
			buildSettings = {
				CODE_SIGN_STYLE = Automatic;
				PRODUCT_NAME = "$(TARGET_NAME)";
			};
			name = Release;
		};
/* End XCBuildConfiguration section */

/* Begin XCConfigurationList section */
		0BFB5526219CE94E000BF597 /* Build configuration list for PBXProject "Principal" */ = {
			isa = XCConfigurationList;
			buildConfigurations = (
				0BFB5530219CE94F000BF597 /* Debug */,
				0BFB5531219CE94F000BF597 /* Release */,
			);
			defaultConfigurationIsVisible = 0;
			defaultConfigurationName = Release;
		};
		0BFB5532219CE94F000BF597 /* Build configuration list for PBXNativeTarget "Principal" */ = {
			isa = XCConfigurationList;
			buildConfigurations = (
				0BFB5533219CE94F000BF597 /* Debug */,
				0BFB5534219CE94F000BF597 /* Release */,
			);
			defaultConfigurationIsVisible = 0;
			defaultConfigurationName = Release;
		};
/* End XCConfigurationList section */
	};
	rootObject = 0BFB5523219CE94E000BF597 /* Project object */;
}
