// !$*UTF8*$!
{
	archiveVersion = 1;
	classes = {
	};
	objectVersion = 50;
	objects = {

/* Begin PBXBuildFile section */
		0B50FC0422156332002FE121 /* Libro.cpp in Sources */ = {isa = PBXBuildFile; fileRef = 0B50FC0322156332002FE121 /* Libro.cpp */; };
		0B50FC082216B60D002FE121 /* Nodo.cpp in Sources */ = {isa = PBXBuildFile; fileRef = 0B50FC062216B60D002FE121 /* Nodo.cpp */; };
		0B50FC0B2216B62B002FE121 /* Pila.cpp in Sources */ = {isa = PBXBuildFile; fileRef = 0B50FC092216B62B002FE121 /* Pila.cpp */; };
		0B50FC0E2216B63A002FE121 /* Cola.cpp in Sources */ = {isa = PBXBuildFile; fileRef = 0B50FC0C2216B63A002FE121 /* Cola.cpp */; };
		0B50FC112216B6F6002FE121 /* NodoPila.cpp in Sources */ = {isa = PBXBuildFile; fileRef = 0B50FC0F2216B6F6002FE121 /* NodoPila.cpp */; };
		0B50FC142216B707002FE121 /* NodoCola.cpp in Sources */ = {isa = PBXBuildFile; fileRef = 0B50FC122216B707002FE121 /* NodoCola.cpp */; };
		0B50FC172216B7CE002FE121 /* Lista.cpp in Sources */ = {isa = PBXBuildFile; fileRef = 0B50FC152216B7CE002FE121 /* Lista.cpp */; };
		0B89355D2218F81C0095375B /* main.cpp in Sources */ = {isa = PBXBuildFile; fileRef = 0B50FBFC221562BF002FE121 /* main.cpp */; };
/* End PBXBuildFile section */

/* Begin PBXCopyFilesBuildPhase section */
		0B50FBF7221562BF002FE121 /* CopyFiles */ = {
			isa = PBXCopyFilesBuildPhase;
			buildActionMask = 2147483647;
			dstPath = /usr/share/man/man1/;
			dstSubfolderSpec = 0;
			files = (
			);
			runOnlyForDeploymentPostprocessing = 1;
		};
/* End PBXCopyFilesBuildPhase section */

/* Begin PBXFileReference section */
		0B50FBF9221562BF002FE121 /* EstructurasDeDatos */ = {isa = PBXFileReference; explicitFileType = "compiled.mach-o.executable"; includeInIndex = 0; name = EstructurasDeDatos; path = /Users/angel/Documents/vim/Cpp/macOS/EstructurasDeDatos/build/Debug/EstructurasDeDatos; sourceTree = "<absolute>"; };
		0B50FBFC221562BF002FE121 /* main.cpp */ = {isa = PBXFileReference; lastKnownFileType = sourcecode.cpp.cpp; path = main.cpp; sourceTree = "<group>"; };
		0B50FC0322156332002FE121 /* Libro.cpp */ = {isa = PBXFileReference; lastKnownFileType = sourcecode.cpp.cpp; path = Libro.cpp; sourceTree = "<group>"; };
		0B50FC052215634D002FE121 /* Libro.h */ = {isa = PBXFileReference; lastKnownFileType = sourcecode.c.h; path = Libro.h; sourceTree = "<group>"; };
		0B50FC062216B60D002FE121 /* Nodo.cpp */ = {isa = PBXFileReference; lastKnownFileType = sourcecode.cpp.cpp; path = Nodo.cpp; sourceTree = "<group>"; };
		0B50FC072216B60D002FE121 /* Nodo.h */ = {isa = PBXFileReference; lastKnownFileType = sourcecode.c.h; path = Nodo.h; sourceTree = "<group>"; };
		0B50FC092216B62B002FE121 /* Pila.cpp */ = {isa = PBXFileReference; lastKnownFileType = sourcecode.cpp.cpp; path = Pila.cpp; sourceTree = "<group>"; };
		0B50FC0A2216B62B002FE121 /* Pila.h */ = {isa = PBXFileReference; lastKnownFileType = sourcecode.c.h; path = Pila.h; sourceTree = "<group>"; };
		0B50FC0C2216B63A002FE121 /* Cola.cpp */ = {isa = PBXFileReference; lastKnownFileType = sourcecode.cpp.cpp; path = Cola.cpp; sourceTree = "<group>"; };
		0B50FC0D2216B63A002FE121 /* Cola.hpp */ = {isa = PBXFileReference; lastKnownFileType = sourcecode.cpp.h; path = Cola.hpp; sourceTree = "<group>"; };
		0B50FC0F2216B6F6002FE121 /* NodoPila.cpp */ = {isa = PBXFileReference; lastKnownFileType = sourcecode.cpp.cpp; path = NodoPila.cpp; sourceTree = "<group>"; };
		0B50FC102216B6F6002FE121 /* NodoPila.h */ = {isa = PBXFileReference; lastKnownFileType = sourcecode.c.h; path = NodoPila.h; sourceTree = "<group>"; };
		0B50FC122216B707002FE121 /* NodoCola.cpp */ = {isa = PBXFileReference; lastKnownFileType = sourcecode.cpp.cpp; path = NodoCola.cpp; sourceTree = "<group>"; };
		0B50FC132216B707002FE121 /* NodoCola.hpp */ = {isa = PBXFileReference; lastKnownFileType = sourcecode.cpp.h; path = NodoCola.hpp; sourceTree = "<group>"; };
		0B50FC152216B7CE002FE121 /* Lista.cpp */ = {isa = PBXFileReference; lastKnownFileType = sourcecode.cpp.cpp; path = Lista.cpp; sourceTree = "<group>"; };
		0B50FC162216B7CE002FE121 /* Lista.h */ = {isa = PBXFileReference; lastKnownFileType = sourcecode.c.h; path = Lista.h; sourceTree = "<group>"; };
/* End PBXFileReference section */

/* Begin PBXFrameworksBuildPhase section */
		0B50FBF6221562BF002FE121 /* Frameworks */ = {
			isa = PBXFrameworksBuildPhase;
			buildActionMask = 2147483647;
			files = (
			);
			runOnlyForDeploymentPostprocessing = 0;
		};
/* End PBXFrameworksBuildPhase section */

/* Begin PBXGroup section */
		0B50FBF0221562BF002FE121 = {
			isa = PBXGroup;
			children = (
				0B50FBFB221562BF002FE121 /* EstructurasDeDatos */,
			);
			sourceTree = "<group>";
		};
		0B50FBFB221562BF002FE121 /* EstructurasDeDatos */ = {
			isa = PBXGroup;
			children = (
				0B50FBFC221562BF002FE121 /* main.cpp */,
				0B50FC0322156332002FE121 /* Libro.cpp */,
				0B50FC052215634D002FE121 /* Libro.h */,
				0B50FC062216B60D002FE121 /* Nodo.cpp */,
				0B50FC072216B60D002FE121 /* Nodo.h */,
				0B50FC092216B62B002FE121 /* Pila.cpp */,
				0B50FC0A2216B62B002FE121 /* Pila.h */,
				0B50FC0C2216B63A002FE121 /* Cola.cpp */,
				0B50FC0D2216B63A002FE121 /* Cola.hpp */,
				0B50FC0F2216B6F6002FE121 /* NodoPila.cpp */,
				0B50FC102216B6F6002FE121 /* NodoPila.h */,
				0B50FC122216B707002FE121 /* NodoCola.cpp */,
				0B50FC132216B707002FE121 /* NodoCola.hpp */,
				0B50FC152216B7CE002FE121 /* Lista.cpp */,
				0B50FC162216B7CE002FE121 /* Lista.h */,
			);
			path = EstructurasDeDatos;
			sourceTree = "<group>";
		};
/* End PBXGroup section */

/* Begin PBXNativeTarget section */
		0B50FBF8221562BF002FE121 /* EstructurasDeDatos */ = {
			isa = PBXNativeTarget;
			buildConfigurationList = 0B50FC00221562BF002FE121 /* Build configuration list for PBXNativeTarget "EstructurasDeDatos" */;
			buildPhases = (
				0B50FBF5221562BF002FE121 /* Sources */,
				0B50FBF6221562BF002FE121 /* Frameworks */,
				0B50FBF7221562BF002FE121 /* CopyFiles */,
			);
			buildRules = (
			);
			dependencies = (
			);
			name = EstructurasDeDatos;
			productName = EstructurasDeDatos;
			productReference = 0B50FBF9221562BF002FE121 /* EstructurasDeDatos */;
			productType = "com.apple.product-type.tool";
		};
/* End PBXNativeTarget section */

/* Begin PBXProject section */
		0B50FBF1221562BF002FE121 /* Project object */ = {
			isa = PBXProject;
			attributes = {
				LastUpgradeCheck = 1010;
				ORGANIZATIONNAME = "Angel Torres";
				TargetAttributes = {
					0B50FBF8221562BF002FE121 = {
						CreatedOnToolsVersion = 10.1;
					};
				};
			};
			buildConfigurationList = 0B50FBF4221562BF002FE121 /* Build configuration list for PBXProject "EstructurasDeDatos" */;
			compatibilityVersion = "Xcode 9.3";
			developmentRegion = en;
			hasScannedForEncodings = 0;
			knownRegions = (
				en,
			);
			mainGroup = 0B50FBF0221562BF002FE121;
			productRefGroup = 0B50FBF0221562BF002FE121;
			projectDirPath = "";
			projectRoot = "";
			targets = (
				0B50FBF8221562BF002FE121 /* EstructurasDeDatos */,
			);
		};
/* End PBXProject section */

/* Begin PBXSourcesBuildPhase section */
		0B50FBF5221562BF002FE121 /* Sources */ = {
			isa = PBXSourcesBuildPhase;
			buildActionMask = 2147483647;
			files = (
				0B50FC082216B60D002FE121 /* Nodo.cpp in Sources */,
				0B50FC0422156332002FE121 /* Libro.cpp in Sources */,
				0B50FC142216B707002FE121 /* NodoCola.cpp in Sources */,
				0B50FC112216B6F6002FE121 /* NodoPila.cpp in Sources */,
				0B50FC0B2216B62B002FE121 /* Pila.cpp in Sources */,
				0B50FC0E2216B63A002FE121 /* Cola.cpp in Sources */,
				0B89355D2218F81C0095375B /* main.cpp in Sources */,
				0B50FC172216B7CE002FE121 /* Lista.cpp in Sources */,
			);
			runOnlyForDeploymentPostprocessing = 0;
		};
/* End PBXSourcesBuildPhase section */

/* Begin XCBuildConfiguration section */
		0B50FBFE221562BF002FE121 /* Debug */ = {
			isa = XCBuildConfiguration;
			buildSettings = {
				ALWAYS_SEARCH_USER_PATHS = NO;
				CLANG_ANALYZER_NONNULL = YES;
				CLANG_ANALYZER_NUMBER_OBJECT_CONVERSION = YES_AGGRESSIVE;
				CLANG_CXX_LANGUAGE_STANDARD = "gnu++14";
				CLANG_CXX_LIBRARY = "libc++";
				CLANG_ENABLE_MODULES = YES;
				CLANG_ENABLE_OBJC_ARC = YES;
				CLANG_ENABLE_OBJC_WEAK = YES;
				CLANG_WARN_BLOCK_CAPTURE_AUTORELEASING = YES;
				CLANG_WARN_BOOL_CONVERSION = YES;
				CLANG_WARN_COMMA = YES;
				CLANG_WARN_CONSTANT_CONVERSION = YES;
				CLANG_WARN_DEPRECATED_OBJC_IMPLEMENTATIONS = YES;
				CLANG_WARN_DIRECT_OBJC_ISA_USAGE = YES_ERROR;
				CLANG_WARN_DOCUMENTATION_COMMENTS = YES;
				CLANG_WARN_EMPTY_BODY = YES;
				CLANG_WARN_ENUM_CONVERSION = YES;
				CLANG_WARN_INFINITE_RECURSION = YES;
				CLANG_WARN_INT_CONVERSION = YES;
				CLANG_WARN_NON_LITERAL_NULL_CONVERSION = YES;
				CLANG_WARN_OBJC_IMPLICIT_RETAIN_SELF = YES;
				CLANG_WARN_OBJC_LITERAL_CONVERSION = YES;
				CLANG_WARN_OBJC_ROOT_CLASS = YES_ERROR;
				CLANG_WARN_RANGE_LOOP_ANALYSIS = YES;
				CLANG_WARN_STRICT_PROTOTYPES = YES;
				CLANG_WARN_SUSPICIOUS_MOVE = YES;
				CLANG_WARN_UNGUARDED_AVAILABILITY = YES_AGGRESSIVE;
				CLANG_WARN_UNREACHABLE_CODE = YES;
				CLANG_WARN__DUPLICATE_METHOD_MATCH = YES;
				CODE_SIGN_IDENTITY = "-";
				COPY_PHASE_STRIP = NO;
				DEBUG_INFORMATION_FORMAT = dwarf;
				ENABLE_STRICT_OBJC_MSGSEND = YES;
				ENABLE_TESTABILITY = YES;
				GCC_C_LANGUAGE_STANDARD = gnu11;
				GCC_DYNAMIC_NO_PIC = NO;
				GCC_NO_COMMON_BLOCKS = YES;
				GCC_OPTIMIZATION_LEVEL = 0;
				GCC_PREPROCESSOR_DEFINITIONS = (
					"DEBUG=1",
					"$(inherited)",
				);
				GCC_WARN_64_TO_32_BIT_CONVERSION = YES;
				GCC_WARN_ABOUT_RETURN_TYPE = YES_ERROR;
				GCC_WARN_UNDECLARED_SELECTOR = YES;
				GCC_WARN_UNINITIALIZED_AUTOS = YES_AGGRESSIVE;
				GCC_WARN_UNUSED_FUNCTION = YES;
				GCC_WARN_UNUSED_VARIABLE = YES;
				MACOSX_DEPLOYMENT_TARGET = 10.14;
				MTL_ENABLE_DEBUG_INFO = INCLUDE_SOURCE;
				MTL_FAST_MATH = YES;
				ONLY_ACTIVE_ARCH = YES;
				SDKROOT = macosx;
			};
			name = Debug;
		};
		0B50FBFF221562BF002FE121 /* Release */ = {
			isa = XCBuildConfiguration;
			buildSettings = {
				ALWAYS_SEARCH_USER_PATHS = NO;
				CLANG_ANALYZER_NONNULL = YES;
				CLANG_ANALYZER_NUMBER_OBJECT_CONVERSION = YES_AGGRESSIVE;
				CLANG_CXX_LANGUAGE_STANDARD = "gnu++14";
				CLANG_CXX_LIBRARY = "libc++";
				CLANG_ENABLE_MODULES = YES;
				CLANG_ENABLE_OBJC_ARC = YES;
				CLANG_ENABLE_OBJC_WEAK = YES;
				CLANG_WARN_BLOCK_CAPTURE_AUTORELEASING = YES;
				CLANG_WARN_BOOL_CONVERSION = YES;
				CLANG_WARN_COMMA = YES;
				CLANG_WARN_CONSTANT_CONVERSION = YES;
				CLANG_WARN_DEPRECATED_OBJC_IMPLEMENTATIONS = YES;
				CLANG_WARN_DIRECT_OBJC_ISA_USAGE = YES_ERROR;
				CLANG_WARN_DOCUMENTATION_COMMENTS = YES;
				CLANG_WARN_EMPTY_BODY = YES;
				CLANG_WARN_ENUM_CONVERSION = YES;
				CLANG_WARN_INFINITE_RECURSION = YES;
				CLANG_WARN_INT_CONVERSION = YES;
				CLANG_WARN_NON_LITERAL_NULL_CONVERSION = YES;
				CLANG_WARN_OBJC_IMPLICIT_RETAIN_SELF = YES;
				CLANG_WARN_OBJC_LITERAL_CONVERSION = YES;
				CLANG_WARN_OBJC_ROOT_CLASS = YES_ERROR;
				CLANG_WARN_RANGE_LOOP_ANALYSIS = YES;
				CLANG_WARN_STRICT_PROTOTYPES = YES;
				CLANG_WARN_SUSPICIOUS_MOVE = YES;
				CLANG_WARN_UNGUARDED_AVAILABILITY = YES_AGGRESSIVE;
				CLANG_WARN_UNREACHABLE_CODE = YES;
				CLANG_WARN__DUPLICATE_METHOD_MATCH = YES;
				CODE_SIGN_IDENTITY = "-";
				COPY_PHASE_STRIP = NO;
				DEBUG_INFORMATION_FORMAT = "dwarf-with-dsym";
				ENABLE_NS_ASSERTIONS = NO;
				ENABLE_STRICT_OBJC_MSGSEND = YES;
				GCC_C_LANGUAGE_STANDARD = gnu11;
				GCC_NO_COMMON_BLOCKS = YES;
				GCC_WARN_64_TO_32_BIT_CONVERSION = YES;
				GCC_WARN_ABOUT_RETURN_TYPE = YES_ERROR;
				GCC_WARN_UNDECLARED_SELECTOR = YES;
				GCC_WARN_UNINITIALIZED_AUTOS = YES_AGGRESSIVE;
				GCC_WARN_UNUSED_FUNCTION = YES;
				GCC_WARN_UNUSED_VARIABLE = YES;
				MACOSX_DEPLOYMENT_TARGET = 10.14;
				MTL_ENABLE_DEBUG_INFO = NO;
				MTL_FAST_MATH = YES;
				SDKROOT = macosx;
			};
			name = Release;
		};
		0B50FC01221562BF002FE121 /* Debug */ = {
			isa = XCBuildConfiguration;
			buildSettings = {
				CODE_SIGN_STYLE = Automatic;
				PRODUCT_NAME = "$(TARGET_NAME)";
			};
			name = Debug;
		};
		0B50FC02221562BF002FE121 /* Release */ = {
			isa = XCBuildConfiguration;
			buildSettings = {
				CODE_SIGN_STYLE = Automatic;
				PRODUCT_NAME = "$(TARGET_NAME)";
			};
			name = Release;
		};
/* End XCBuildConfiguration section */

/* Begin XCConfigurationList section */
		0B50FBF4221562BF002FE121 /* Build configuration list for PBXProject "EstructurasDeDatos" */ = {
			isa = XCConfigurationList;
			buildConfigurations = (
				0B50FBFE221562BF002FE121 /* Debug */,
				0B50FBFF221562BF002FE121 /* Release */,
			);
			defaultConfigurationIsVisible = 0;
			defaultConfigurationName = Release;
		};
		0B50FC00221562BF002FE121 /* Build configuration list for PBXNativeTarget "EstructurasDeDatos" */ = {
			isa = XCConfigurationList;
			buildConfigurations = (
				0B50FC01221562BF002FE121 /* Debug */,
				0B50FC02221562BF002FE121 /* Release */,
			);
			defaultConfigurationIsVisible = 0;
			defaultConfigurationName = Release;
		};
/* End XCConfigurationList section */
	};
	rootObject = 0B50FBF1221562BF002FE121 /* Project object */;
}
