// !$*UTF8*$!
{
	archiveVersion = 1;
	classes = {
	};
	objectVersion = 50;
	objects = {

/* Begin PBXBuildFile section */
		0BBFFE8321FC24FA0087D8BE /* main.cpp in Sources */ = {isa = PBXBuildFile; fileRef = 0BBFFE8221FC24FA0087D8BE /* main.cpp */; };
		0BBFFE8B21FC4FBD0087D8BE /* nodo.cpp in Sources */ = {isa = PBXBuildFile; fileRef = 0BBFFE8A21FC4FBD0087D8BE /* nodo.cpp */; };
		0BBFFE8E21FD0C7B0087D8BE /* persona.cpp in Sources */ = {isa = PBXBuildFile; fileRef = 0BBFFE8C21FD0C7B0087D8BE /* persona.cpp */; };
		0BBFFE9121FD57EB0087D8BE /* object.cpp in Sources */ = {isa = PBXBuildFile; fileRef = 0BBFFE8F21FD57EB0087D8BE /* object.cpp */; };
		0BBFFEAE21FEBCA60087D8BE /* new_main.cpp in Sources */ = {isa = PBXBuildFile; fileRef = 0BBFFEAD21FEBCA60087D8BE /* new_main.cpp */; };
		0BBFFEB12200BEF40087D8BE /* LinkedList.cpp in Sources */ = {isa = PBXBuildFile; fileRef = 0BBFFEAF2200BEF40087D8BE /* LinkedList.cpp */; };
		0BBFFEB42200C18C0087D8BE /* Node.cpp in Sources */ = {isa = PBXBuildFile; fileRef = 0BBFFEB22200C18C0087D8BE /* Node.cpp */; };
/* End PBXBuildFile section */

/* Begin PBXCopyFilesBuildPhase section */
		0BBFFE7D21FC24FA0087D8BE /* CopyFiles */ = {
			isa = PBXCopyFilesBuildPhase;
			buildActionMask = 2147483647;
			dstPath = /usr/share/man/man1/;
			dstSubfolderSpec = 0;
			files = (
			);
			runOnlyForDeploymentPostprocessing = 1;
		};
/* End PBXCopyFilesBuildPhase section */

/* Begin PBXFileReference section */
		0BBFFE7F21FC24FA0087D8BE /* ADT */ = {isa = PBXFileReference; explicitFileType = "compiled.mach-o.executable"; includeInIndex = 0; path = ADT; sourceTree = BUILT_PRODUCTS_DIR; };
		0BBFFE8221FC24FA0087D8BE /* main.cpp */ = {isa = PBXFileReference; lastKnownFileType = sourcecode.cpp.cpp; path = main.cpp; sourceTree = "<group>"; };
		0BBFFE8921FC4F530087D8BE /* nodo.h */ = {isa = PBXFileReference; lastKnownFileType = sourcecode.c.h; path = nodo.h; sourceTree = "<group>"; };
		0BBFFE8A21FC4FBD0087D8BE /* nodo.cpp */ = {isa = PBXFileReference; lastKnownFileType = sourcecode.cpp.cpp; path = nodo.cpp; sourceTree = "<group>"; };
		0BBFFE8C21FD0C7B0087D8BE /* persona.cpp */ = {isa = PBXFileReference; lastKnownFileType = sourcecode.cpp.cpp; path = persona.cpp; sourceTree = "<group>"; };
		0BBFFE8D21FD0C7B0087D8BE /* persona.h */ = {isa = PBXFileReference; lastKnownFileType = sourcecode.c.h; path = persona.h; sourceTree = "<group>"; };
		0BBFFE8F21FD57EB0087D8BE /* object.cpp */ = {isa = PBXFileReference; lastKnownFileType = sourcecode.cpp.cpp; path = object.cpp; sourceTree = "<group>"; };
		0BBFFE9021FD57EB0087D8BE /* object.h */ = {isa = PBXFileReference; lastKnownFileType = sourcecode.c.h; path = object.h; sourceTree = "<group>"; };
		0BBFFEAD21FEBCA60087D8BE /* new_main.cpp */ = {isa = PBXFileReference; lastKnownFileType = sourcecode.cpp.cpp; path = new_main.cpp; sourceTree = "<group>"; };
		0BBFFEAF2200BEF40087D8BE /* LinkedList.cpp */ = {isa = PBXFileReference; lastKnownFileType = sourcecode.cpp.cpp; path = LinkedList.cpp; sourceTree = "<group>"; };
		0BBFFEB02200BEF40087D8BE /* LinkedList.h */ = {isa = PBXFileReference; lastKnownFileType = sourcecode.c.h; path = LinkedList.h; sourceTree = "<group>"; };
		0BBFFEB22200C18C0087D8BE /* Node.cpp */ = {isa = PBXFileReference; lastKnownFileType = sourcecode.cpp.cpp; path = Node.cpp; sourceTree = "<group>"; };
		0BBFFEB32200C18C0087D8BE /* Node.h */ = {isa = PBXFileReference; lastKnownFileType = sourcecode.c.h; path = Node.h; sourceTree = "<group>"; };
/* End PBXFileReference section */

/* Begin PBXFrameworksBuildPhase section */
		0BBFFE7C21FC24FA0087D8BE /* Frameworks */ = {
			isa = PBXFrameworksBuildPhase;
			buildActionMask = 2147483647;
			files = (
			);
			runOnlyForDeploymentPostprocessing = 0;
		};
/* End PBXFrameworksBuildPhase section */

/* Begin PBXGroup section */
		0BBFFE7621FC24FA0087D8BE = {
			isa = PBXGroup;
			children = (
				0BBFFE8121FC24FA0087D8BE /* ADT */,
				0BBFFE8021FC24FA0087D8BE /* Products */,
			);
			sourceTree = "<group>";
		};
		0BBFFE8021FC24FA0087D8BE /* Products */ = {
			isa = PBXGroup;
			children = (
				0BBFFE7F21FC24FA0087D8BE /* ADT */,
			);
			name = Products;
			sourceTree = "<group>";
		};
		0BBFFE8121FC24FA0087D8BE /* ADT */ = {
			isa = PBXGroup;
			children = (
				0BBFFE8221FC24FA0087D8BE /* main.cpp */,
				0BBFFE8921FC4F530087D8BE /* nodo.h */,
				0BBFFE8A21FC4FBD0087D8BE /* nodo.cpp */,
				0BBFFE8C21FD0C7B0087D8BE /* persona.cpp */,
				0BBFFE8D21FD0C7B0087D8BE /* persona.h */,
				0BBFFE8F21FD57EB0087D8BE /* object.cpp */,
				0BBFFE9021FD57EB0087D8BE /* object.h */,
				0BBFFEAD21FEBCA60087D8BE /* new_main.cpp */,
				0BBFFEAF2200BEF40087D8BE /* LinkedList.cpp */,
				0BBFFEB02200BEF40087D8BE /* LinkedList.h */,
				0BBFFEB22200C18C0087D8BE /* Node.cpp */,
				0BBFFEB32200C18C0087D8BE /* Node.h */,
			);
			path = ADT;
			sourceTree = "<group>";
		};
/* End PBXGroup section */

/* Begin PBXNativeTarget section */
		0BBFFE7E21FC24FA0087D8BE /* ADT */ = {
			isa = PBXNativeTarget;
			buildConfigurationList = 0BBFFE8621FC24FA0087D8BE /* Build configuration list for PBXNativeTarget "ADT" */;
			buildPhases = (
				0BBFFE7B21FC24FA0087D8BE /* Sources */,
				0BBFFE7C21FC24FA0087D8BE /* Frameworks */,
				0BBFFE7D21FC24FA0087D8BE /* CopyFiles */,
			);
			buildRules = (
			);
			dependencies = (
			);
			name = ADT;
			productName = ADT;
			productReference = 0BBFFE7F21FC24FA0087D8BE /* ADT */;
			productType = "com.apple.product-type.tool";
		};
/* End PBXNativeTarget section */

/* Begin PBXProject section */
		0BBFFE7721FC24FA0087D8BE /* Project object */ = {
			isa = PBXProject;
			attributes = {
				LastUpgradeCheck = 1010;
				ORGANIZATIONNAME = "Angel Torres";
				TargetAttributes = {
					0BBFFE7E21FC24FA0087D8BE = {
						CreatedOnToolsVersion = 10.1;
					};
				};
			};
			buildConfigurationList = 0BBFFE7A21FC24FA0087D8BE /* Build configuration list for PBXProject "ADT" */;
			compatibilityVersion = "Xcode 9.3";
			developmentRegion = en;
			hasScannedForEncodings = 0;
			knownRegions = (
				en,
			);
			mainGroup = 0BBFFE7621FC24FA0087D8BE;
			productRefGroup = 0BBFFE8021FC24FA0087D8BE /* Products */;
			projectDirPath = "";
			projectRoot = "";
			targets = (
				0BBFFE7E21FC24FA0087D8BE /* ADT */,
			);
		};
/* End PBXProject section */

/* Begin PBXSourcesBuildPhase section */
		0BBFFE7B21FC24FA0087D8BE /* Sources */ = {
			isa = PBXSourcesBuildPhase;
			buildActionMask = 2147483647;
			files = (
				0BBFFEAE21FEBCA60087D8BE /* new_main.cpp in Sources */,
				0BBFFEB42200C18C0087D8BE /* Node.cpp in Sources */,
				0BBFFE8E21FD0C7B0087D8BE /* persona.cpp in Sources */,
				0BBFFE8321FC24FA0087D8BE /* main.cpp in Sources */,
				0BBFFE9121FD57EB0087D8BE /* object.cpp in Sources */,
				0BBFFEB12200BEF40087D8BE /* LinkedList.cpp in Sources */,
				0BBFFE8B21FC4FBD0087D8BE /* nodo.cpp in Sources */,
			);
			runOnlyForDeploymentPostprocessing = 0;
		};
/* End PBXSourcesBuildPhase section */

/* Begin XCBuildConfiguration section */
		0BBFFE8421FC24FA0087D8BE /* Debug */ = {
			isa = XCBuildConfiguration;
			buildSettings = {
				ALWAYS_SEARCH_USER_PATHS = NO;
				CLANG_ANALYZER_NONNULL = YES;
				CLANG_ANALYZER_NUMBER_OBJECT_CONVERSION = YES_AGGRESSIVE;
				CLANG_CXX_LANGUAGE_STANDARD = "gnu++14";
				CLANG_CXX_LIBRARY = "libc++";
				CLANG_ENABLE_MODULES = YES;
				CLANG_ENABLE_OBJC_ARC = YES;
				CLANG_ENABLE_OBJC_WEAK = YES;
				CLANG_WARN_BLOCK_CAPTURE_AUTORELEASING = YES;
				CLANG_WARN_BOOL_CONVERSION = YES;
				CLANG_WARN_COMMA = YES;
				CLANG_WARN_CONSTANT_CONVERSION = YES;
				CLANG_WARN_DEPRECATED_OBJC_IMPLEMENTATIONS = YES;
				CLANG_WARN_DIRECT_OBJC_ISA_USAGE = YES_ERROR;
				CLANG_WARN_DOCUMENTATION_COMMENTS = YES;
				CLANG_WARN_EMPTY_BODY = YES;
				CLANG_WARN_ENUM_CONVERSION = YES;
				CLANG_WARN_INFINITE_RECURSION = YES;
				CLANG_WARN_INT_CONVERSION = YES;
				CLANG_WARN_NON_LITERAL_NULL_CONVERSION = YES;
				CLANG_WARN_OBJC_IMPLICIT_RETAIN_SELF = YES;
				CLANG_WARN_OBJC_LITERAL_CONVERSION = YES;
				CLANG_WARN_OBJC_ROOT_CLASS = YES_ERROR;
				CLANG_WARN_RANGE_LOOP_ANALYSIS = YES;
				CLANG_WARN_STRICT_PROTOTYPES = YES;
				CLANG_WARN_SUSPICIOUS_MOVE = YES;
				CLANG_WARN_UNGUARDED_AVAILABILITY = YES_AGGRESSIVE;
				CLANG_WARN_UNREACHABLE_CODE = YES;
				CLANG_WARN__DUPLICATE_METHOD_MATCH = YES;
				CODE_SIGN_IDENTITY = "-";
				COPY_PHASE_STRIP = NO;
				DEBUG_INFORMATION_FORMAT = dwarf;
				ENABLE_STRICT_OBJC_MSGSEND = YES;
				ENABLE_TESTABILITY = YES;
				GCC_C_LANGUAGE_STANDARD = gnu11;
				GCC_DYNAMIC_NO_PIC = NO;
				GCC_NO_COMMON_BLOCKS = YES;
				GCC_OPTIMIZATION_LEVEL = 0;
				GCC_PREPROCESSOR_DEFINITIONS = (
					"DEBUG=1",
					"$(inherited)",
				);
				GCC_WARN_64_TO_32_BIT_CONVERSION = YES;
				GCC_WARN_ABOUT_RETURN_TYPE = YES_ERROR;
				GCC_WARN_UNDECLARED_SELECTOR = YES;
				GCC_WARN_UNINITIALIZED_AUTOS = YES_AGGRESSIVE;
				GCC_WARN_UNUSED_FUNCTION = YES;
				GCC_WARN_UNUSED_VARIABLE = YES;
				MACOSX_DEPLOYMENT_TARGET = 10.14;
				MTL_ENABLE_DEBUG_INFO = INCLUDE_SOURCE;
				MTL_FAST_MATH = YES;
				ONLY_ACTIVE_ARCH = YES;
				SDKROOT = macosx;
			};
			name = Debug;
		};
		0BBFFE8521FC24FA0087D8BE /* Release */ = {
			isa = XCBuildConfiguration;
			buildSettings = {
				ALWAYS_SEARCH_USER_PATHS = NO;
				CLANG_ANALYZER_NONNULL = YES;
				CLANG_ANALYZER_NUMBER_OBJECT_CONVERSION = YES_AGGRESSIVE;
				CLANG_CXX_LANGUAGE_STANDARD = "gnu++14";
				CLANG_CXX_LIBRARY = "libc++";
				CLANG_ENABLE_MODULES = YES;
				CLANG_ENABLE_OBJC_ARC = YES;
				CLANG_ENABLE_OBJC_WEAK = YES;
				CLANG_WARN_BLOCK_CAPTURE_AUTORELEASING = YES;
				CLANG_WARN_BOOL_CONVERSION = YES;
				CLANG_WARN_COMMA = YES;
				CLANG_WARN_CONSTANT_CONVERSION = YES;
				CLANG_WARN_DEPRECATED_OBJC_IMPLEMENTATIONS = YES;
				CLANG_WARN_DIRECT_OBJC_ISA_USAGE = YES_ERROR;
				CLANG_WARN_DOCUMENTATION_COMMENTS = YES;
				CLANG_WARN_EMPTY_BODY = YES;
				CLANG_WARN_ENUM_CONVERSION = YES;
				CLANG_WARN_INFINITE_RECURSION = YES;
				CLANG_WARN_INT_CONVERSION = YES;
				CLANG_WARN_NON_LITERAL_NULL_CONVERSION = YES;
				CLANG_WARN_OBJC_IMPLICIT_RETAIN_SELF = YES;
				CLANG_WARN_OBJC_LITERAL_CONVERSION = YES;
				CLANG_WARN_OBJC_ROOT_CLASS = YES_ERROR;
				CLANG_WARN_RANGE_LOOP_ANALYSIS = YES;
				CLANG_WARN_STRICT_PROTOTYPES = YES;
				CLANG_WARN_SUSPICIOUS_MOVE = YES;
				CLANG_WARN_UNGUARDED_AVAILABILITY = YES_AGGRESSIVE;
				CLANG_WARN_UNREACHABLE_CODE = YES;
				CLANG_WARN__DUPLICATE_METHOD_MATCH = YES;
				CODE_SIGN_IDENTITY = "-";
				COPY_PHASE_STRIP = NO;
				DEBUG_INFORMATION_FORMAT = "dwarf-with-dsym";
				ENABLE_NS_ASSERTIONS = NO;
				ENABLE_STRICT_OBJC_MSGSEND = YES;
				GCC_C_LANGUAGE_STANDARD = gnu11;
				GCC_NO_COMMON_BLOCKS = YES;
				GCC_WARN_64_TO_32_BIT_CONVERSION = YES;
				GCC_WARN_ABOUT_RETURN_TYPE = YES_ERROR;
				GCC_WARN_UNDECLARED_SELECTOR = YES;
				GCC_WARN_UNINITIALIZED_AUTOS = YES_AGGRESSIVE;
				GCC_WARN_UNUSED_FUNCTION = YES;
				GCC_WARN_UNUSED_VARIABLE = YES;
				MACOSX_DEPLOYMENT_TARGET = 10.14;
				MTL_ENABLE_DEBUG_INFO = NO;
				MTL_FAST_MATH = YES;
				SDKROOT = macosx;
			};
			name = Release;
		};
		0BBFFE8721FC24FA0087D8BE /* Debug */ = {
			isa = XCBuildConfiguration;
			buildSettings = {
				CODE_SIGN_STYLE = Automatic;
				PRODUCT_NAME = "$(TARGET_NAME)";
			};
			name = Debug;
		};
		0BBFFE8821FC24FA0087D8BE /* Release */ = {
			isa = XCBuildConfiguration;
			buildSettings = {
				CODE_SIGN_STYLE = Automatic;
				PRODUCT_NAME = "$(TARGET_NAME)";
			};
			name = Release;
		};
/* End XCBuildConfiguration section */

/* Begin XCConfigurationList section */
		0BBFFE7A21FC24FA0087D8BE /* Build configuration list for PBXProject "ADT" */ = {
			isa = XCConfigurationList;
			buildConfigurations = (
				0BBFFE8421FC24FA0087D8BE /* Debug */,
				0BBFFE8521FC24FA0087D8BE /* Release */,
			);
			defaultConfigurationIsVisible = 0;
			defaultConfigurationName = Release;
		};
		0BBFFE8621FC24FA0087D8BE /* Build configuration list for PBXNativeTarget "ADT" */ = {
			isa = XCConfigurationList;
			buildConfigurations = (
				0BBFFE8721FC24FA0087D8BE /* Debug */,
				0BBFFE8821FC24FA0087D8BE /* Release */,
			);
			defaultConfigurationIsVisible = 0;
			defaultConfigurationName = Release;
		};
/* End XCConfigurationList section */
	};
	rootObject = 0BBFFE7721FC24FA0087D8BE /* Project object */;
}
